
Microsoft Visual Studio Solution File, Format Version 12.00
# Visual Studio Version 16
VisualStudioVersion = 16.0.30225.117
MinimumVisualStudioVersion = 10.0.40219.1
Project("{FAE04EC0-301F-11D3-BF4B-00C04F79EFBC}") = "ExpenseTrackerBackend", "ExpenseTrackerBackend.csproj", "{BBFFA798-0C9F-47DD-9EBB-22A15B28BC9C}"
EndProject
Global
	GlobalSection(SolutionConfigurationPlatforms) = preSolution
		Debug|Any CPU = Debug|Any CPU
		Release|Any CPU = Release|Any CPU
	EndGlobalSection
	GlobalSection(ProjectConfigurationPlatforms) = postSolution
		{BBFFA798-0C9F-47DD-9EBB-22A15B28BC9C}.Debug|Any CPU.ActiveCfg = Debug|Any CPU
		{BBFFA798-0C9F-47DD-9EBB-22A15B28BC9C}.Debug|Any CPU.Build.0 = Debug|Any CPU
		{BBFFA798-0C9F-47DD-9EBB-22A15B28BC9C}.Release|Any CPU.ActiveCfg = Release|Any CPU
		{BBFFA798-0C9F-47DD-9EBB-22A15B28BC9C}.Release|Any CPU.Build.0 = Release|Any CPU
	EndGlobalSection
	GlobalSection(SolutionProperties) = preSolution
		HideSolutionNode = FALSE
	EndGlobalSection
	GlobalSection(ExtensibilityGlobals) = postSolution
		SolutionGuid = {317EE9E5-BB95-4FA2-A275-C4C36059893E}
	EndGlobalSection
EndGlobal
